// !$*UTF8*$!
{
	archiveVersion = 1;
	classes = {
	};
	objectVersion = 46;
	objects = {

/* Begin PBXBuildFile section */
		1DDD58160DA1D0A300B32029 /* MainMenu.xib in Resources */ = {isa = PBXBuildFile; fileRef = 1DDD58140DA1D0A300B32029 /* MainMenu.xib */; };
		5C1F73F814805BD200C03FD7 /* main.m in Sources */ = {isa = PBXBuildFile; fileRef = 5C1F73F714805BD200C03FD7 /* main.m */; };
		5C1F740014805C0200C03FD7 /* NSArray+customSort.m in Sources */ = {isa = PBXBuildFile; fileRef = 5C1F73FB14805C0200C03FD7 /* NSArray+customSort.m */; };
		5C1F740114805C0200C03FD7 /* NSAttributedString+Hyperlink.m in Sources */ = {isa = PBXBuildFile; fileRef = 5C1F73FD14805C0200C03FD7 /* NSAttributedString+Hyperlink.m */; };
		5C1F740214805C0200C03FD7 /* NSString+Levenshtein.m in Sources */ = {isa = PBXBuildFile; fileRef = 5C1F73FF14805C0200C03FD7 /* NSString+Levenshtein.m */; };
		5C1F741C14805CDB00C03FD7 /* NSObject+SBJson.m in Sources */ = {isa = PBXBuildFile; fileRef = 5C1F740414805CDB00C03FD7 /* NSObject+SBJson.m */; };
		5C1F741D14805CDB00C03FD7 /* SBJsonParser.m in Sources */ = {isa = PBXBuildFile; fileRef = 5C1F740714805CDB00C03FD7 /* SBJsonParser.m */; };
		5C1F741E14805CDB00C03FD7 /* SBJsonStreamParser.m in Sources */ = {isa = PBXBuildFile; fileRef = 5C1F740914805CDB00C03FD7 /* SBJsonStreamParser.m */; };
		5C1F741F14805CDB00C03FD7 /* SBJsonStreamParserAccumulator.m in Sources */ = {isa = PBXBuildFile; fileRef = 5C1F740B14805CDB00C03FD7 /* SBJsonStreamParserAccumulator.m */; };
		5C1F742014805CDB00C03FD7 /* SBJsonStreamParserAdapter.m in Sources */ = {isa = PBXBuildFile; fileRef = 5C1F740D14805CDB00C03FD7 /* SBJsonStreamParserAdapter.m */; };
		5C1F742114805CDB00C03FD7 /* SBJsonStreamParserState.m in Sources */ = {isa = PBXBuildFile; fileRef = 5C1F740F14805CDB00C03FD7 /* SBJsonStreamParserState.m */; };
		5C1F742214805CDB00C03FD7 /* SBJsonStreamWriter.m in Sources */ = {isa = PBXBuildFile; fileRef = 5C1F741114805CDB00C03FD7 /* SBJsonStreamWriter.m */; };
		5C1F742314805CDB00C03FD7 /* SBJsonStreamWriterAccumulator.m in Sources */ = {isa = PBXBuildFile; fileRef = 5C1F741314805CDB00C03FD7 /* SBJsonStreamWriterAccumulator.m */; };
		5C1F742414805CDB00C03FD7 /* SBJsonStreamWriterState.m in Sources */ = {isa = PBXBuildFile; fileRef = 5C1F741514805CDB00C03FD7 /* SBJsonStreamWriterState.m */; };
		5C1F742514805CDB00C03FD7 /* SBJsonTokeniser.m in Sources */ = {isa = PBXBuildFile; fileRef = 5C1F741714805CDB00C03FD7 /* SBJsonTokeniser.m */; };
		5C1F742614805CDB00C03FD7 /* SBJsonUTF8Stream.m in Sources */ = {isa = PBXBuildFile; fileRef = 5C1F741914805CDB00C03FD7 /* SBJsonUTF8Stream.m */; };
		5C1F742714805CDB00C03FD7 /* SBJsonWriter.m in Sources */ = {isa = PBXBuildFile; fileRef = 5C1F741B14805CDB00C03FD7 /* SBJsonWriter.m */; };
		5C1F743014805D6F00C03FD7 /* PBCAppDelegate.m in Sources */ = {isa = PBXBuildFile; fileRef = 5C1F742914805D6F00C03FD7 /* PBCAppDelegate.m */; };
		5C1F743114805D6F00C03FD7 /* PBCApplication.m in Sources */ = {isa = PBXBuildFile; fileRef = 5C1F742B14805D6F00C03FD7 /* PBCApplication.m */; };
		5C1F743214805D6F00C03FD7 /* PBCModel.m in Sources */ = {isa = PBXBuildFile; fileRef = 5C1F742D14805D6F00C03FD7 /* PBCModel.m */; };
		5C1F743314805D6F00C03FD7 /* PBCSongInfoParser.m in Sources */ = {isa = PBXBuildFile; fileRef = 5C1F742F14805D6F00C03FD7 /* PBCSongInfoParser.m */; };
		5C1F743514805E6000C03FD7 /* PianobarControl.icns in Resources */ = {isa = PBXBuildFile; fileRef = 5C1F743414805E6000C03FD7 /* PianobarControl.icns */; };
		5C29C25514957FD0006FF5B6 /* ban.png in Resources */ = {isa = PBXBuildFile; fileRef = 5C29C24914957FD0006FF5B6 /* ban.png */; };
		5C29C25614957FD0006FF5B6 /* info.png in Resources */ = {isa = PBXBuildFile; fileRef = 5C29C24A14957FD0006FF5B6 /* info.png */; };
		5C29C25714957FD0006FF5B6 /* love.png in Resources */ = {isa = PBXBuildFile; fileRef = 5C29C24B14957FD0006FF5B6 /* love.png */; };
		5C29C25814957FD0006FF5B6 /* lyrics.png in Resources */ = {isa = PBXBuildFile; fileRef = 5C29C24C14957FD0006FF5B6 /* lyrics.png */; };
		5C29C25914957FD0006FF5B6 /* next.png in Resources */ = {isa = PBXBuildFile; fileRef = 5C29C24D14957FD0006FF5B6 /* next.png */; };
		5C29C25A14957FD0006FF5B6 /* pianobar-black.png in Resources */ = {isa = PBXBuildFile; fileRef = 5C29C24E14957FD0006FF5B6 /* pianobar-black.png */; };
		5C29C25B14957FD0006FF5B6 /* pianobar-white.png in Resources */ = {isa = PBXBuildFile; fileRef = 5C29C24F14957FD0006FF5B6 /* pianobar-white.png */; };
		5C29C25E14957FD0006FF5B6 /* playpause.png in Resources */ = {isa = PBXBuildFile; fileRef = 5C29C25214957FD0006FF5B6 /* playpause.png */; };
		5C29C25F14957FD0006FF5B6 /* quit.png in Resources */ = {isa = PBXBuildFile; fileRef = 5C29C25314957FD0006FF5B6 /* quit.png */; };
		5C29C26014957FD0006FF5B6 /* station.png in Resources */ = {isa = PBXBuildFile; fileRef = 5C29C25414957FD0006FF5B6 /* station.png */; };
		5C348B181480660800CBAA71 /* PianobarControl.png in Resources */ = {isa = PBXBuildFile; fileRef = 5C348B171480660800CBAA71 /* PianobarControl.png */; };
		5C3AB7951323151400D09BF3 /* Carbon.framework in Frameworks */ = {isa = PBXBuildFile; fileRef = 5C3AB7941323151400D09BF3 /* Carbon.framework */; };
		5C45245814803A8C00ED06D5 /* IOKit.framework in Frameworks */ = {isa = PBXBuildFile; fileRef = 5C45245714803A8B00ED06D5 /* IOKit.framework */; };
		8D11072B0486CEB800E47090 /* InfoPlist.strings in Resources */ = {isa = PBXBuildFile; fileRef = 089C165CFE840E0CC02AAC07 /* InfoPlist.strings */; };
		8D11072F0486CEB800E47090 /* Cocoa.framework in Frameworks */ = {isa = PBXBuildFile; fileRef = 1058C7A1FEA54F0111CA2CBB /* Cocoa.framework */; };
/* End PBXBuildFile section */

/* Begin PBXFileReference section */
		089C165DFE840E0CC02AAC07 /* English */ = {isa = PBXFileReference; fileEncoding = 4; lastKnownFileType = text.plist.strings; name = English; path = English.lproj/InfoPlist.strings; sourceTree = "<group>"; };
		1058C7A1FEA54F0111CA2CBB /* Cocoa.framework */ = {isa = PBXFileReference; lastKnownFileType = wrapper.framework; name = Cocoa.framework; path = /System/Library/Frameworks/Cocoa.framework; sourceTree = "<absolute>"; };
		13E42FB307B3F0F600E4EEF1 /* CoreData.framework */ = {isa = PBXFileReference; lastKnownFileType = wrapper.framework; name = CoreData.framework; path = /System/Library/Frameworks/CoreData.framework; sourceTree = "<absolute>"; };
		1DDD58150DA1D0A300B32029 /* English */ = {isa = PBXFileReference; lastKnownFileType = file.xib; name = English; path = English.lproj/MainMenu.xib; sourceTree = "<group>"; };
		256AC3F00F4B6AF500CF3369 /* PianobarControl_Prefix.pch */ = {isa = PBXFileReference; fileEncoding = 4; lastKnownFileType = sourcecode.c.h; path = PianobarControl_Prefix.pch; sourceTree = "<group>"; };
		29B97324FDCFA39411CA2CEA /* AppKit.framework */ = {isa = PBXFileReference; lastKnownFileType = wrapper.framework; name = AppKit.framework; path = /System/Library/Frameworks/AppKit.framework; sourceTree = "<absolute>"; };
		29B97325FDCFA39411CA2CEA /* Foundation.framework */ = {isa = PBXFileReference; lastKnownFileType = wrapper.framework; name = Foundation.framework; path = /System/Library/Frameworks/Foundation.framework; sourceTree = "<absolute>"; };
		5C1F73F714805BD200C03FD7 /* main.m */ = {isa = PBXFileReference; fileEncoding = 4; lastKnownFileType = sourcecode.c.objc; name = main.m; path = src/main.m; sourceTree = "<group>"; };
		5C1F73FA14805C0200C03FD7 /* NSArray+customSort.h */ = {isa = PBXFileReference; fileEncoding = 4; lastKnownFileType = sourcecode.c.h; name = "NSArray+customSort.h"; path = "src/Categories/NSArray+customSort.h"; sourceTree = "<group>"; };
		5C1F73FB14805C0200C03FD7 /* NSArray+customSort.m */ = {isa = PBXFileReference; fileEncoding = 4; lastKnownFileType = sourcecode.c.objc; name = "NSArray+customSort.m"; path = "src/Categories/NSArray+customSort.m"; sourceTree = "<group>"; };
		5C1F73FC14805C0200C03FD7 /* NSAttributedString+Hyperlink.h */ = {isa = PBXFileReference; fileEncoding = 4; lastKnownFileType = sourcecode.c.h; name = "NSAttributedString+Hyperlink.h"; path = "src/Categories/NSAttributedString+Hyperlink.h"; sourceTree = "<group>"; };
		5C1F73FD14805C0200C03FD7 /* NSAttributedString+Hyperlink.m */ = {isa = PBXFileReference; fileEncoding = 4; lastKnownFileType = sourcecode.c.objc; name = "NSAttributedString+Hyperlink.m"; path = "src/Categories/NSAttributedString+Hyperlink.m"; sourceTree = "<group>"; };
		5C1F73FE14805C0200C03FD7 /* NSString+Levenshtein.h */ = {isa = PBXFileReference; fileEncoding = 4; lastKnownFileType = sourcecode.c.h; name = "NSString+Levenshtein.h"; path = "src/Categories/NSString+Levenshtein.h"; sourceTree = "<group>"; };
		5C1F73FF14805C0200C03FD7 /* NSString+Levenshtein.m */ = {isa = PBXFileReference; fileEncoding = 4; lastKnownFileType = sourcecode.c.objc; name = "NSString+Levenshtein.m"; path = "src/Categories/NSString+Levenshtein.m"; sourceTree = "<group>"; };
		5C1F740314805CDB00C03FD7 /* NSObject+SBJson.h */ = {isa = PBXFileReference; fileEncoding = 4; lastKnownFileType = sourcecode.c.h; name = "NSObject+SBJson.h"; path = "src/lib/json/Classes/NSObject+SBJson.h"; sourceTree = SOURCE_ROOT; };
		5C1F740414805CDB00C03FD7 /* NSObject+SBJson.m */ = {isa = PBXFileReference; fileEncoding = 4; lastKnownFileType = sourcecode.c.objc; name = "NSObject+SBJson.m"; path = "src/lib/json/Classes/NSObject+SBJson.m"; sourceTree = SOURCE_ROOT; };
		5C1F740514805CDB00C03FD7 /* SBJson.h */ = {isa = PBXFileReference; fileEncoding = 4; lastKnownFileType = sourcecode.c.h; name = SBJson.h; path = src/lib/json/Classes/SBJson.h; sourceTree = SOURCE_ROOT; };
		5C1F740614805CDB00C03FD7 /* SBJsonParser.h */ = {isa = PBXFileReference; fileEncoding = 4; lastKnownFileType = sourcecode.c.h; name = SBJsonParser.h; path = src/lib/json/Classes/SBJsonParser.h; sourceTree = SOURCE_ROOT; };
		5C1F740714805CDB00C03FD7 /* SBJsonParser.m */ = {isa = PBXFileReference; fileEncoding = 4; lastKnownFileType = sourcecode.c.objc; name = SBJsonParser.m; path = src/lib/json/Classes/SBJsonParser.m; sourceTree = SOURCE_ROOT; };
		5C1F740814805CDB00C03FD7 /* SBJsonStreamParser.h */ = {isa = PBXFileReference; fileEncoding = 4; lastKnownFileType = sourcecode.c.h; name = SBJsonStreamParser.h; path = src/lib/json/Classes/SBJsonStreamParser.h; sourceTree = SOURCE_ROOT; };
		5C1F740914805CDB00C03FD7 /* SBJsonStreamParser.m */ = {isa = PBXFileReference; fileEncoding = 4; lastKnownFileType = sourcecode.c.objc; name = SBJsonStreamParser.m; path = src/lib/json/Classes/SBJsonStreamParser.m; sourceTree = SOURCE_ROOT; };
		5C1F740A14805CDB00C03FD7 /* SBJsonStreamParserAccumulator.h */ = {isa = PBXFileReference; fileEncoding = 4; lastKnownFileType = sourcecode.c.h; name = SBJsonStreamParserAccumulator.h; path = src/lib/json/Classes/SBJsonStreamParserAccumulator.h; sourceTree = SOURCE_ROOT; };
		5C1F740B14805CDB00C03FD7 /* SBJsonStreamParserAccumulator.m */ = {isa = PBXFileReference; fileEncoding = 4; lastKnownFileType = sourcecode.c.objc; name = SBJsonStreamParserAccumulator.m; path = src/lib/json/Classes/SBJsonStreamParserAccumulator.m; sourceTree = SOURCE_ROOT; };
		5C1F740C14805CDB00C03FD7 /* SBJsonStreamParserAdapter.h */ = {isa = PBXFileReference; fileEncoding = 4; lastKnownFileType = sourcecode.c.h; name = SBJsonStreamParserAdapter.h; path = src/lib/json/Classes/SBJsonStreamParserAdapter.h; sourceTree = SOURCE_ROOT; };
		5C1F740D14805CDB00C03FD7 /* SBJsonStreamParserAdapter.m */ = {isa = PBXFileReference; fileEncoding = 4; lastKnownFileType = sourcecode.c.objc; name = SBJsonStreamParserAdapter.m; path = src/lib/json/Classes/SBJsonStreamParserAdapter.m; sourceTree = SOURCE_ROOT; };
		5C1F740E14805CDB00C03FD7 /* SBJsonStreamParserState.h */ = {isa = PBXFileReference; fileEncoding = 4; lastKnownFileType = sourcecode.c.h; name = SBJsonStreamParserState.h; path = src/lib/json/Classes/SBJsonStreamParserState.h; sourceTree = SOURCE_ROOT; };
		5C1F740F14805CDB00C03FD7 /* SBJsonStreamParserState.m */ = {isa = PBXFileReference; fileEncoding = 4; lastKnownFileType = sourcecode.c.objc; name = SBJsonStreamParserState.m; path = src/lib/json/Classes/SBJsonStreamParserState.m; sourceTree = SOURCE_ROOT; };
		5C1F741014805CDB00C03FD7 /* SBJsonStreamWriter.h */ = {isa = PBXFileReference; fileEncoding = 4; lastKnownFileType = sourcecode.c.h; name = SBJsonStreamWriter.h; path = src/lib/json/Classes/SBJsonStreamWriter.h; sourceTree = SOURCE_ROOT; };
		5C1F741114805CDB00C03FD7 /* SBJsonStreamWriter.m */ = {isa = PBXFileReference; fileEncoding = 4; lastKnownFileType = sourcecode.c.objc; name = SBJsonStreamWriter.m; path = src/lib/json/Classes/SBJsonStreamWriter.m; sourceTree = SOURCE_ROOT; };
		5C1F741214805CDB00C03FD7 /* SBJsonStreamWriterAccumulator.h */ = {isa = PBXFileReference; fileEncoding = 4; lastKnownFileType = sourcecode.c.h; name = SBJsonStreamWriterAccumulator.h; path = src/lib/json/Classes/SBJsonStreamWriterAccumulator.h; sourceTree = SOURCE_ROOT; };
		5C1F741314805CDB00C03FD7 /* SBJsonStreamWriterAccumulator.m */ = {isa = PBXFileReference; fileEncoding = 4; lastKnownFileType = sourcecode.c.objc; name = SBJsonStreamWriterAccumulator.m; path = src/lib/json/Classes/SBJsonStreamWriterAccumulator.m; sourceTree = SOURCE_ROOT; };
		5C1F741414805CDB00C03FD7 /* SBJsonStreamWriterState.h */ = {isa = PBXFileReference; fileEncoding = 4; lastKnownFileType = sourcecode.c.h; name = SBJsonStreamWriterState.h; path = src/lib/json/Classes/SBJsonStreamWriterState.h; sourceTree = SOURCE_ROOT; };
		5C1F741514805CDB00C03FD7 /* SBJsonStreamWriterState.m */ = {isa = PBXFileReference; fileEncoding = 4; lastKnownFileType = sourcecode.c.objc; name = SBJsonStreamWriterState.m; path = src/lib/json/Classes/SBJsonStreamWriterState.m; sourceTree = SOURCE_ROOT; };
		5C1F741614805CDB00C03FD7 /* SBJsonTokeniser.h */ = {isa = PBXFileReference; fileEncoding = 4; lastKnownFileType = sourcecode.c.h; name = SBJsonTokeniser.h; path = src/lib/json/Classes/SBJsonTokeniser.h; sourceTree = SOURCE_ROOT; };
		5C1F741714805CDB00C03FD7 /* SBJsonTokeniser.m */ = {isa = PBXFileReference; fileEncoding = 4; lastKnownFileType = sourcecode.c.objc; name = SBJsonTokeniser.m; path = src/lib/json/Classes/SBJsonTokeniser.m; sourceTree = SOURCE_ROOT; };
		5C1F741814805CDB00C03FD7 /* SBJsonUTF8Stream.h */ = {isa = PBXFileReference; fileEncoding = 4; lastKnownFileType = sourcecode.c.h; name = SBJsonUTF8Stream.h; path = src/lib/json/Classes/SBJsonUTF8Stream.h; sourceTree = SOURCE_ROOT; };
		5C1F741914805CDB00C03FD7 /* SBJsonUTF8Stream.m */ = {isa = PBXFileReference; fileEncoding = 4; lastKnownFileType = sourcecode.c.objc; name = SBJsonUTF8Stream.m; path = src/lib/json/Classes/SBJsonUTF8Stream.m; sourceTree = SOURCE_ROOT; };
		5C1F741A14805CDB00C03FD7 /* SBJsonWriter.h */ = {isa = PBXFileReference; fileEncoding = 4; lastKnownFileType = sourcecode.c.h; name = SBJsonWriter.h; path = src/lib/json/Classes/SBJsonWriter.h; sourceTree = SOURCE_ROOT; };
		5C1F741B14805CDB00C03FD7 /* SBJsonWriter.m */ = {isa = PBXFileReference; fileEncoding = 4; lastKnownFileType = sourcecode.c.objc; name = SBJsonWriter.m; path = src/lib/json/Classes/SBJsonWriter.m; sourceTree = SOURCE_ROOT; };
		5C1F742814805D6F00C03FD7 /* PBCAppDelegate.h */ = {isa = PBXFileReference; fileEncoding = 4; lastKnownFileType = sourcecode.c.h; name = PBCAppDelegate.h; path = src/Classes/PBCAppDelegate.h; sourceTree = "<group>"; };
		5C1F742914805D6F00C03FD7 /* PBCAppDelegate.m */ = {isa = PBXFileReference; fileEncoding = 4; lastKnownFileType = sourcecode.c.objc; name = PBCAppDelegate.m; path = src/Classes/PBCAppDelegate.m; sourceTree = "<group>"; };
		5C1F742A14805D6F00C03FD7 /* PBCApplication.h */ = {isa = PBXFileReference; fileEncoding = 4; lastKnownFileType = sourcecode.c.h; name = PBCApplication.h; path = src/Classes/PBCApplication.h; sourceTree = "<group>"; };
		5C1F742B14805D6F00C03FD7 /* PBCApplication.m */ = {isa = PBXFileReference; fileEncoding = 4; lastKnownFileType = sourcecode.c.objc; name = PBCApplication.m; path = src/Classes/PBCApplication.m; sourceTree = "<group>"; };
		5C1F742C14805D6F00C03FD7 /* PBCModel.h */ = {isa = PBXFileReference; fileEncoding = 4; lastKnownFileType = sourcecode.c.h; name = PBCModel.h; path = src/Classes/PBCModel.h; sourceTree = "<group>"; };
		5C1F742D14805D6F00C03FD7 /* PBCModel.m */ = {isa = PBXFileReference; fileEncoding = 4; lastKnownFileType = sourcecode.c.objc; name = PBCModel.m; path = src/Classes/PBCModel.m; sourceTree = "<group>"; };
		5C1F742E14805D6F00C03FD7 /* PBCSongInfoParser.h */ = {isa = PBXFileReference; fileEncoding = 4; lastKnownFileType = sourcecode.c.h; name = PBCSongInfoParser.h; path = src/Classes/PBCSongInfoParser.h; sourceTree = "<group>"; };
		5C1F742F14805D6F00C03FD7 /* PBCSongInfoParser.m */ = {isa = PBXFileReference; fileEncoding = 4; lastKnownFileType = sourcecode.c.objc; name = PBCSongInfoParser.m; path = src/Classes/PBCSongInfoParser.m; sourceTree = "<group>"; };
		5C1F743414805E6000C03FD7 /* PianobarControl.icns */ = {isa = PBXFileReference; lastKnownFileType = image.icns; name = PianobarControl.icns; path = media/PianobarControl.icns; sourceTree = "<group>"; };
		5C29C24914957FD0006FF5B6 /* ban.png */ = {isa = PBXFileReference; lastKnownFileType = image.png; name = ban.png; path = media/ban.png; sourceTree = "<group>"; };
		5C29C24A14957FD0006FF5B6 /* info.png */ = {isa = PBXFileReference; lastKnownFileType = image.png; name = info.png; path = media/info.png; sourceTree = "<group>"; };
		5C29C24B14957FD0006FF5B6 /* love.png */ = {isa = PBXFileReference; lastKnownFileType = image.png; name = love.png; path = media/love.png; sourceTree = "<group>"; };
		5C29C24C14957FD0006FF5B6 /* lyrics.png */ = {isa = PBXFileReference; lastKnownFileType = image.png; name = lyrics.png; path = media/lyrics.png; sourceTree = "<group>"; };
		5C29C24D14957FD0006FF5B6 /* next.png */ = {isa = PBXFileReference; lastKnownFileType = image.png; name = next.png; path = media/next.png; sourceTree = "<group>"; };
		5C29C24E14957FD0006FF5B6 /* pianobar-black.png */ = {isa = PBXFileReference; lastKnownFileType = image.png; name = "pianobar-black.png"; path = "media/pianobar-black.png"; sourceTree = "<group>"; };
		5C29C24F14957FD0006FF5B6 /* pianobar-white.png */ = {isa = PBXFileReference; lastKnownFileType = image.png; name = "pianobar-white.png"; path = "media/pianobar-white.png"; sourceTree = "<group>"; };
		5C29C25014957FD0006FF5B6 /* PianobarControl.icns */ = {isa = PBXFileReference; lastKnownFileType = image.icns; name = PianobarControl.icns; path = media/PianobarControl.icns; sourceTree = "<group>"; };
		5C29C25114957FD0006FF5B6 /* PianobarControl.png */ = {isa = PBXFileReference; lastKnownFileType = image.png; name = PianobarControl.png; path = media/PianobarControl.png; sourceTree = "<group>"; };
		5C29C25214957FD0006FF5B6 /* playpause.png */ = {isa = PBXFileReference; lastKnownFileType = image.png; name = playpause.png; path = media/playpause.png; sourceTree = "<group>"; };
		5C29C25314957FD0006FF5B6 /* quit.png */ = {isa = PBXFileReference; lastKnownFileType = image.png; name = quit.png; path = media/quit.png; sourceTree = "<group>"; };
		5C29C25414957FD0006FF5B6 /* station.png */ = {isa = PBXFileReference; lastKnownFileType = image.png; name = station.png; path = media/station.png; sourceTree = "<group>"; };
		5C348B171480660800CBAA71 /* PianobarControl.png */ = {isa = PBXFileReference; lastKnownFileType = image.png; name = PianobarControl.png; path = media/PianobarControl.png; sourceTree = "<group>"; };
		5C3AB7941323151400D09BF3 /* Carbon.framework */ = {isa = PBXFileReference; lastKnownFileType = wrapper.framework; name = Carbon.framework; path = System/Library/Frameworks/Carbon.framework; sourceTree = SDKROOT; };
		5C45245714803A8B00ED06D5 /* IOKit.framework */ = {isa = PBXFileReference; lastKnownFileType = wrapper.framework; name = IOKit.framework; path = System/Library/Frameworks/IOKit.framework; sourceTree = SDKROOT; };
		8D1107310486CEB800E47090 /* PianobarControl-Info.plist */ = {isa = PBXFileReference; fileEncoding = 4; lastKnownFileType = text.plist.xml; path = "PianobarControl-Info.plist"; sourceTree = "<group>"; };
		8D1107320486CEB800E47090 /* PianobarControl.app */ = {isa = PBXFileReference; explicitFileType = wrapper.application; includeInIndex = 0; path = PianobarControl.app; sourceTree = BUILT_PRODUCTS_DIR; };
/* End PBXFileReference section */

/* Begin PBXFrameworksBuildPhase section */
		8D11072E0486CEB800E47090 /* Frameworks */ = {
			isa = PBXFrameworksBuildPhase;
			buildActionMask = 2147483647;
			files = (
				5C45245814803A8C00ED06D5 /* IOKit.framework in Frameworks */,
				8D11072F0486CEB800E47090 /* Cocoa.framework in Frameworks */,
				5C3AB7951323151400D09BF3 /* Carbon.framework in Frameworks */,
			);
			runOnlyForDeploymentPostprocessing = 0;
		};
/* End PBXFrameworksBuildPhase section */

/* Begin PBXGroup section */
		080E96DDFE201D6D7F000001 /* Classes */ = {
			isa = PBXGroup;
			children = (
				5C1F742814805D6F00C03FD7 /* PBCAppDelegate.h */,
				5C1F742914805D6F00C03FD7 /* PBCAppDelegate.m */,
				5C1F742A14805D6F00C03FD7 /* PBCApplication.h */,
				5C1F742B14805D6F00C03FD7 /* PBCApplication.m */,
				5C1F742C14805D6F00C03FD7 /* PBCModel.h */,
				5C1F742D14805D6F00C03FD7 /* PBCModel.m */,
				5C1F742E14805D6F00C03FD7 /* PBCSongInfoParser.h */,
				5C1F742F14805D6F00C03FD7 /* PBCSongInfoParser.m */,
			);
			name = Classes;
			sourceTree = "<group>";
		};
		19C28FACFE9D520D11CA2CBB /* Products */ = {
			isa = PBXGroup;
			children = (
				8D1107320486CEB800E47090 /* PianobarControl.app */,
			);
			name = Products;
			sourceTree = "<group>";
		};
		29B97314FDCFA39411CA2CEA /* PianobarControl */ = {
			isa = PBXGroup;
			children = (
				080E96DDFE201D6D7F000001 /* Classes */,
				5CFC17741440BC03003E432C /* SBJson */,
				5CF2990213241B6600704EB8 /* Categories */,
				29B97315FDCFA39411CA2CEA /* Other Sources */,
				29B97317FDCFA39411CA2CEA /* Resources */,
				29B97323FDCFA39411CA2CEA /* Frameworks */,
				19C28FACFE9D520D11CA2CBB /* Products */,
			);
			name = PianobarControl;
			sourceTree = "<group>";
		};
		29B97315FDCFA39411CA2CEA /* Other Sources */ = {
			isa = PBXGroup;
			children = (
				256AC3F00F4B6AF500CF3369 /* PianobarControl_Prefix.pch */,
				5C1F73F714805BD200C03FD7 /* main.m */,
			);
			name = "Other Sources";
			sourceTree = "<group>";
		};
		29B97317FDCFA39411CA2CEA /* Resources */ = {
			isa = PBXGroup;
			children = (
				5C91A3031322E0FC00F2E054 /* Icons */,
				5C91A3021322E0EF00F2E054 /* Images */,
				8D1107310486CEB800E47090 /* PianobarControl-Info.plist */,
				089C165CFE840E0CC02AAC07 /* InfoPlist.strings */,
				1DDD58140DA1D0A300B32029 /* MainMenu.xib */,
			);
			name = Resources;
			sourceTree = "<group>";
		};
		29B97323FDCFA39411CA2CEA /* Frameworks */ = {
			isa = PBXGroup;
			children = (
				29B97324FDCFA39411CA2CEA /* AppKit.framework */,
				1058C7A1FEA54F0111CA2CBB /* Cocoa.framework */,
				13E42FB307B3F0F600E4EEF1 /* CoreData.framework */,
				29B97325FDCFA39411CA2CEA /* Foundation.framework */,
				5C45245714803A8B00ED06D5 /* IOKit.framework */,
				5C3AB7941323151400D09BF3 /* Carbon.framework */,
			);
			name = Frameworks;
			sourceTree = "<group>";
		};
		5C91A3021322E0EF00F2E054 /* Images */ = {
			isa = PBXGroup;
			children = (
				5C29C24914957FD0006FF5B6 /* ban.png */,
				5C29C24A14957FD0006FF5B6 /* info.png */,
				5C29C24B14957FD0006FF5B6 /* love.png */,
				5C29C24C14957FD0006FF5B6 /* lyrics.png */,
				5C29C24D14957FD0006FF5B6 /* next.png */,
				5C29C24E14957FD0006FF5B6 /* pianobar-black.png */,
				5C29C24F14957FD0006FF5B6 /* pianobar-white.png */,
				5C29C25014957FD0006FF5B6 /* PianobarControl.icns */,
				5C29C25114957FD0006FF5B6 /* PianobarControl.png */,
				5C29C25214957FD0006FF5B6 /* playpause.png */,
				5C29C25314957FD0006FF5B6 /* quit.png */,
				5C29C25414957FD0006FF5B6 /* station.png */,
				5C348B171480660800CBAA71 /* PianobarControl.png */,
			);
			name = Images;
			sourceTree = "<group>";
		};
		5C91A3031322E0FC00F2E054 /* Icons */ = {
			isa = PBXGroup;
			children = (
				5C1F743414805E6000C03FD7 /* PianobarControl.icns */,
			);
			name = Icons;
			sourceTree = "<group>";
		};
		5CF2990213241B6600704EB8 /* Categories */ = {
			isa = PBXGroup;
			children = (
				5C1F73FA14805C0200C03FD7 /* NSArray+customSort.h */,
				5C1F73FB14805C0200C03FD7 /* NSArray+customSort.m */,
				5C1F73FC14805C0200C03FD7 /* NSAttributedString+Hyperlink.h */,
				5C1F73FD14805C0200C03FD7 /* NSAttributedString+Hyperlink.m */,
				5C1F73FE14805C0200C03FD7 /* NSString+Levenshtein.h */,
				5C1F73FF14805C0200C03FD7 /* NSString+Levenshtein.m */,
			);
			name = Categories;
			sourceTree = "<group>";
		};
		5CFC17741440BC03003E432C /* SBJson */ = {
			isa = PBXGroup;
			children = (
				5C1F740314805CDB00C03FD7 /* NSObject+SBJson.h */,
				5C1F740414805CDB00C03FD7 /* NSObject+SBJson.m */,
				5C1F740514805CDB00C03FD7 /* SBJson.h */,
				5C1F740614805CDB00C03FD7 /* SBJsonParser.h */,
				5C1F740714805CDB00C03FD7 /* SBJsonParser.m */,
				5C1F740814805CDB00C03FD7 /* SBJsonStreamParser.h */,
				5C1F740914805CDB00C03FD7 /* SBJsonStreamParser.m */,
				5C1F740A14805CDB00C03FD7 /* SBJsonStreamParserAccumulator.h */,
				5C1F740B14805CDB00C03FD7 /* SBJsonStreamParserAccumulator.m */,
				5C1F740C14805CDB00C03FD7 /* SBJsonStreamParserAdapter.h */,
				5C1F740D14805CDB00C03FD7 /* SBJsonStreamParserAdapter.m */,
				5C1F740E14805CDB00C03FD7 /* SBJsonStreamParserState.h */,
				5C1F740F14805CDB00C03FD7 /* SBJsonStreamParserState.m */,
				5C1F741014805CDB00C03FD7 /* SBJsonStreamWriter.h */,
				5C1F741114805CDB00C03FD7 /* SBJsonStreamWriter.m */,
				5C1F741214805CDB00C03FD7 /* SBJsonStreamWriterAccumulator.h */,
				5C1F741314805CDB00C03FD7 /* SBJsonStreamWriterAccumulator.m */,
				5C1F741414805CDB00C03FD7 /* SBJsonStreamWriterState.h */,
				5C1F741514805CDB00C03FD7 /* SBJsonStreamWriterState.m */,
				5C1F741614805CDB00C03FD7 /* SBJsonTokeniser.h */,
				5C1F741714805CDB00C03FD7 /* SBJsonTokeniser.m */,
				5C1F741814805CDB00C03FD7 /* SBJsonUTF8Stream.h */,
				5C1F741914805CDB00C03FD7 /* SBJsonUTF8Stream.m */,
				5C1F741A14805CDB00C03FD7 /* SBJsonWriter.h */,
				5C1F741B14805CDB00C03FD7 /* SBJsonWriter.m */,
			);
			name = SBJson;
			path = json/Classes;
			sourceTree = "<group>";
		};
/* End PBXGroup section */

/* Begin PBXNativeTarget section */
		8D1107260486CEB800E47090 /* PianobarControl */ = {
			isa = PBXNativeTarget;
			buildConfigurationList = C01FCF4A08A954540054247B /* Build configuration list for PBXNativeTarget "PianobarControl" */;
			buildPhases = (
				8D1107290486CEB800E47090 /* Resources */,
				8D11072C0486CEB800E47090 /* Sources */,
				8D11072E0486CEB800E47090 /* Frameworks */,
			);
			buildRules = (
			);
			dependencies = (
			);
			name = PianobarControl;
			productInstallPath = "$(HOME)/Applications";
			productName = PianobarControl;
			productReference = 8D1107320486CEB800E47090 /* PianobarControl.app */;
			productType = "com.apple.product-type.application";
		};
/* End PBXNativeTarget section */

/* Begin PBXProject section */
		29B97313FDCFA39411CA2CEA /* Project object */ = {
			isa = PBXProject;
			attributes = {
				LastUpgradeCheck = 0450;
			};
			buildConfigurationList = C01FCF4E08A954540054247B /* Build configuration list for PBXProject "PianobarControl" */;
			compatibilityVersion = "Xcode 3.2";
			developmentRegion = English;
			hasScannedForEncodings = 1;
			knownRegions = (
				English,
				Japanese,
				French,
				German,
				en,
			);
			mainGroup = 29B97314FDCFA39411CA2CEA /* PianobarControl */;
			projectDirPath = "";
			projectRoot = "";
			targets = (
				8D1107260486CEB800E47090 /* PianobarControl */,
			);
		};
/* End PBXProject section */

/* Begin PBXResourcesBuildPhase section */
		8D1107290486CEB800E47090 /* Resources */ = {
			isa = PBXResourcesBuildPhase;
			buildActionMask = 2147483647;
			files = (
				8D11072B0486CEB800E47090 /* InfoPlist.strings in Resources */,
				1DDD58160DA1D0A300B32029 /* MainMenu.xib in Resources */,
				5C1F743514805E6000C03FD7 /* PianobarControl.icns in Resources */,
				5C348B181480660800CBAA71 /* PianobarControl.png in Resources */,
				5C29C25514957FD0006FF5B6 /* ban.png in Resources */,
				5C29C25614957FD0006FF5B6 /* info.png in Resources */,
				5C29C25714957FD0006FF5B6 /* love.png in Resources */,
				5C29C25814957FD0006FF5B6 /* lyrics.png in Resources */,
				5C29C25914957FD0006FF5B6 /* next.png in Resources */,
				5C29C25A14957FD0006FF5B6 /* pianobar-black.png in Resources */,
				5C29C25B14957FD0006FF5B6 /* pianobar-white.png in Resources */,
				5C29C25E14957FD0006FF5B6 /* playpause.png in Resources */,
				5C29C25F14957FD0006FF5B6 /* quit.png in Resources */,
				5C29C26014957FD0006FF5B6 /* station.png in Resources */,
			);
			runOnlyForDeploymentPostprocessing = 0;
		};
/* End PBXResourcesBuildPhase section */

/* Begin PBXSourcesBuildPhase section */
		8D11072C0486CEB800E47090 /* Sources */ = {
			isa = PBXSourcesBuildPhase;
			buildActionMask = 2147483647;
			files = (
				5C1F73F814805BD200C03FD7 /* main.m in Sources */,
				5C1F740014805C0200C03FD7 /* NSArray+customSort.m in Sources */,
				5C1F740114805C0200C03FD7 /* NSAttributedString+Hyperlink.m in Sources */,
				5C1F740214805C0200C03FD7 /* NSString+Levenshtein.m in Sources */,
				5C1F741C14805CDB00C03FD7 /* NSObject+SBJson.m in Sources */,
				5C1F741D14805CDB00C03FD7 /* SBJsonParser.m in Sources */,
				5C1F741E14805CDB00C03FD7 /* SBJsonStreamParser.m in Sources */,
				5C1F741F14805CDB00C03FD7 /* SBJsonStreamParserAccumulator.m in Sources */,
				5C1F742014805CDB00C03FD7 /* SBJsonStreamParserAdapter.m in Sources */,
				5C1F742114805CDB00C03FD7 /* SBJsonStreamParserState.m in Sources */,
				5C1F742214805CDB00C03FD7 /* SBJsonStreamWriter.m in Sources */,
				5C1F742314805CDB00C03FD7 /* SBJsonStreamWriterAccumulator.m in Sources */,
				5C1F742414805CDB00C03FD7 /* SBJsonStreamWriterState.m in Sources */,
				5C1F742514805CDB00C03FD7 /* SBJsonTokeniser.m in Sources */,
				5C1F742614805CDB00C03FD7 /* SBJsonUTF8Stream.m in Sources */,
				5C1F742714805CDB00C03FD7 /* SBJsonWriter.m in Sources */,
				5C1F743014805D6F00C03FD7 /* PBCAppDelegate.m in Sources */,
				5C1F743114805D6F00C03FD7 /* PBCApplication.m in Sources */,
				5C1F743214805D6F00C03FD7 /* PBCModel.m in Sources */,
				5C1F743314805D6F00C03FD7 /* PBCSongInfoParser.m in Sources */,
			);
			runOnlyForDeploymentPostprocessing = 0;
		};
/* End PBXSourcesBuildPhase section */

/* Begin PBXVariantGroup section */
		089C165CFE840E0CC02AAC07 /* InfoPlist.strings */ = {
			isa = PBXVariantGroup;
			children = (
				089C165DFE840E0CC02AAC07 /* English */,
			);
			name = InfoPlist.strings;
			sourceTree = "<group>";
		};
		1DDD58140DA1D0A300B32029 /* MainMenu.xib */ = {
			isa = PBXVariantGroup;
			children = (
				1DDD58150DA1D0A300B32029 /* English */,
			);
			name = MainMenu.xib;
			sourceTree = "<group>";
		};
/* End PBXVariantGroup section */

/* Begin XCBuildConfiguration section */
		C01FCF4B08A954540054247B /* Debug */ = {
			isa = XCBuildConfiguration;
			buildSettings = {
				ALWAYS_SEARCH_USER_PATHS = NO;
				COMBINE_HIDPI_IMAGES = YES;
				COPY_PHASE_STRIP = NO;
				GCC_DYNAMIC_NO_PIC = NO;
				GCC_MODEL_TUNING = G5;
				GCC_OPTIMIZATION_LEVEL = 0;
				GCC_PRECOMPILE_PREFIX_HEADER = YES;
				GCC_PREFIX_HEADER = PianobarControl_Prefix.pch;
				GCC_VERSION = com.apple.compilers.llvm.clang.1_0;
				INFOPLIST_FILE = "PianobarControl-Info.plist";
				INSTALL_PATH = "$(HOME)/Applications";
				MACOSX_DEPLOYMENT_TARGET = 10.8;
				ONLY_ACTIVE_ARCH = NO;
				PRODUCT_NAME = PianobarControl;
				SDKROOT = macosx;
			};
			name = Debug;
		};
		C01FCF4C08A954540054247B /* Release */ = {
			isa = XCBuildConfiguration;
			buildSettings = {
				ALWAYS_SEARCH_USER_PATHS = NO;
				COMBINE_HIDPI_IMAGES = YES;
				DEBUG_INFORMATION_FORMAT = "dwarf-with-dsym";
				GCC_MODEL_TUNING = G5;
				GCC_PRECOMPILE_PREFIX_HEADER = YES;
				GCC_PREFIX_HEADER = PianobarControl_Prefix.pch;
				GCC_VERSION = com.apple.compilers.llvm.clang.1_0;
				INFOPLIST_FILE = "PianobarControl-Info.plist";
				INSTALL_PATH = "$(HOME)/Applications";
				MACOSX_DEPLOYMENT_TARGET = 10.8;
				ONLY_ACTIVE_ARCH = YES;
				PRODUCT_NAME = PianobarControl;
				SDKROOT = macosx;
			};
			name = Release;
		};
		C01FCF4F08A954540054247B /* Debug */ = {
			isa = XCBuildConfiguration;
			buildSettings = {
				ARCHS = "$(ARCHS_STANDARD_64_BIT)";
				GCC_C_LANGUAGE_STANDARD = gnu99;
				GCC_OPTIMIZATION_LEVEL = 0;
				GCC_WARN_ABOUT_RETURN_TYPE = YES;
				GCC_WARN_UNUSED_VARIABLE = YES;
				MACOSX_DEPLOYMENT_TARGET = 10.7;
				ONLY_ACTIVE_ARCH = YES;
				SDKROOT = macosx;
			};
			name = Debug;
		};
		C01FCF5008A954540054247B /* Release */ = {
			isa = XCBuildConfiguration;
			buildSettings = {
				ARCHS = "$(ARCHS_STANDARD_64_BIT)";
				GCC_C_LANGUAGE_STANDARD = gnu99;
				GCC_WARN_ABOUT_RETURN_TYPE = YES;
				GCC_WARN_UNUSED_VARIABLE = YES;
				MACOSX_DEPLOYMENT_TARGET = 10.7;
				SDKROOT = macosx;
			};
			name = Release;
		};
/* End XCBuildConfiguration section */

/* Begin XCConfigurationList section */
		C01FCF4A08A954540054247B /* Build configuration list for PBXNativeTarget "PianobarControl" */ = {
			isa = XCConfigurationList;
			buildConfigurations = (
				C01FCF4B08A954540054247B /* Debug */,
				C01FCF4C08A954540054247B /* Release */,
			);
			defaultConfigurationIsVisible = 0;
			defaultConfigurationName = Release;
		};
		C01FCF4E08A954540054247B /* Build configuration list for PBXProject "PianobarControl" */ = {
			isa = XCConfigurationList;
			buildConfigurations = (
				C01FCF4F08A954540054247B /* Debug */,
				C01FCF5008A954540054247B /* Release */,
			);
			defaultConfigurationIsVisible = 0;
			defaultConfigurationName = Release;
		};
/* End XCConfigurationList section */
	};
	rootObject = 29B97313FDCFA39411CA2CEA /* Project object */;
}
